// !$*UTF8*$!
{
	archiveVersion = 1;
	classes = {
	};
	objectVersion = 55;
	objects = {

/* Begin PBXBuildFile section */
		AA70F000276CB5D700A428D6 /* AppDelegate.swift in Sources */ = {isa = PBXBuildFile; fileRef = AA70EFFF276CB5D700A428D6 /* AppDelegate.swift */; };
		AA70F002276CB5D700A428D6 /* SceneDelegate.swift in Sources */ = {isa = PBXBuildFile; fileRef = AA70F001276CB5D700A428D6 /* SceneDelegate.swift */; };
		AA70F004276CB5D700A428D6 /* ViewController.swift in Sources */ = {isa = PBXBuildFile; fileRef = AA70F003276CB5D700A428D6 /* ViewController.swift */; };
		AA70F007276CB5D700A428D6 /* Main.storyboard in Resources */ = {isa = PBXBuildFile; fileRef = AA70F005276CB5D700A428D6 /* Main.storyboard */; };
		AA70F009276CB5D800A428D6 /* Assets.xcassets in Resources */ = {isa = PBXBuildFile; fileRef = AA70F008276CB5D800A428D6 /* Assets.xcassets */; };
		AA70F00C276CB5D800A428D6 /* LaunchScreen.storyboard in Resources */ = {isa = PBXBuildFile; fileRef = AA70F00A276CB5D800A428D6 /* LaunchScreen.storyboard */; };
		AA70F017276CB5D800A428D6 /* BackgroundChangeTests.swift in Sources */ = {isa = PBXBuildFile; fileRef = AA70F016276CB5D800A428D6 /* BackgroundChangeTests.swift */; };
		AA70F021276CB5D800A428D6 /* BackgroundChangeUITests.swift in Sources */ = {isa = PBXBuildFile; fileRef = AA70F020276CB5D800A428D6 /* BackgroundChangeUITests.swift */; };
		AA70F023276CB5D800A428D6 /* BackgroundChangeUITestsLaunchTests.swift in Sources */ = {isa = PBXBuildFile; fileRef = AA70F022276CB5D800A428D6 /* BackgroundChangeUITestsLaunchTests.swift */; };
/* End PBXBuildFile section */

/* Begin PBXContainerItemProxy section */
		AA70F013276CB5D800A428D6 /* PBXContainerItemProxy */ = {
			isa = PBXContainerItemProxy;
			containerPortal = AA70EFF4276CB5D700A428D6 /* Project object */;
			proxyType = 1;
			remoteGlobalIDString = AA70EFFB276CB5D700A428D6;
			remoteInfo = BackgroundChange;
		};
		AA70F01D276CB5D800A428D6 /* PBXContainerItemProxy */ = {
			isa = PBXContainerItemProxy;
			containerPortal = AA70EFF4276CB5D700A428D6 /* Project object */;
			proxyType = 1;
			remoteGlobalIDString = AA70EFFB276CB5D700A428D6;
			remoteInfo = BackgroundChange;
		};
/* End PBXContainerItemProxy section */

/* Begin PBXFileReference section */
		AA70EFFC276CB5D700A428D6 /* BackgroundChange.app */ = {isa = PBXFileReference; explicitFileType = wrapper.application; includeInIndex = 0; path = BackgroundChange.app; sourceTree = BUILT_PRODUCTS_DIR; };
		AA70EFFF276CB5D700A428D6 /* AppDelegate.swift */ = {isa = PBXFileReference; lastKnownFileType = sourcecode.swift; path = AppDelegate.swift; sourceTree = "<group>"; };
		AA70F001276CB5D700A428D6 /* SceneDelegate.swift */ = {isa = PBXFileReference; lastKnownFileType = sourcecode.swift; path = SceneDelegate.swift; sourceTree = "<group>"; };
		AA70F003276CB5D700A428D6 /* ViewController.swift */ = {isa = PBXFileReference; lastKnownFileType = sourcecode.swift; path = ViewController.swift; sourceTree = "<group>"; };
		AA70F006276CB5D700A428D6 /* Base */ = {isa = PBXFileReference; lastKnownFileType = file.storyboard; name = Base; path = Base.lproj/Main.storyboard; sourceTree = "<group>"; };
		AA70F008276CB5D800A428D6 /* Assets.xcassets */ = {isa = PBXFileReference; lastKnownFileType = folder.assetcatalog; path = Assets.xcassets; sourceTree = "<group>"; };
		AA70F00B276CB5D800A428D6 /* Base */ = {isa = PBXFileReference; lastKnownFileType = file.storyboard; name = Base; path = Base.lproj/LaunchScreen.storyboard; sourceTree = "<group>"; };
		AA70F00D276CB5D800A428D6 /* Info.plist */ = {isa = PBXFileReference; lastKnownFileType = text.plist.xml; path = Info.plist; sourceTree = "<group>"; };
		AA70F012276CB5D800A428D6 /* BackgroundChangeTests.xctest */ = {isa = PBXFileReference; explicitFileType = wrapper.cfbundle; includeInIndex = 0; path = BackgroundChangeTests.xctest; sourceTree = BUILT_PRODUCTS_DIR; };
		AA70F016276CB5D800A428D6 /* BackgroundChangeTests.swift */ = {isa = PBXFileReference; lastKnownFileType = sourcecode.swift; path = BackgroundChangeTests.swift; sourceTree = "<group>"; };
		AA70F01C276CB5D800A428D6 /* BackgroundChangeUITests.xctest */ = {isa = PBXFileReference; explicitFileType = wrapper.cfbundle; includeInIndex = 0; path = BackgroundChangeUITests.xctest; sourceTree = BUILT_PRODUCTS_DIR; };
		AA70F020276CB5D800A428D6 /* BackgroundChangeUITests.swift */ = {isa = PBXFileReference; lastKnownFileType = sourcecode.swift; path = BackgroundChangeUITests.swift; sourceTree = "<group>"; };
		AA70F022276CB5D800A428D6 /* BackgroundChangeUITestsLaunchTests.swift */ = {isa = PBXFileReference; lastKnownFileType = sourcecode.swift; path = BackgroundChangeUITestsLaunchTests.swift; sourceTree = "<group>"; };
/* End PBXFileReference section */

/* Begin PBXFrameworksBuildPhase section */
		AA70EFF9276CB5D700A428D6 /* Frameworks */ = {
			isa = PBXFrameworksBuildPhase;
			buildActionMask = 2147483647;
			files = (
			);
			runOnlyForDeploymentPostprocessing = 0;
		};
		AA70F00F276CB5D800A428D6 /* Frameworks */ = {
			isa = PBXFrameworksBuildPhase;
			buildActionMask = 2147483647;
			files = (
			);
			runOnlyForDeploymentPostprocessing = 0;
		};
		AA70F019276CB5D800A428D6 /* Frameworks */ = {
			isa = PBXFrameworksBuildPhase;
			buildActionMask = 2147483647;
			files = (
			);
			runOnlyForDeploymentPostprocessing = 0;
		};
/* End PBXFrameworksBuildPhase section */

/* Begin PBXGroup section */
		AA70EFF3276CB5D700A428D6 = {
			isa = PBXGroup;
			children = (
				AA70EFFE276CB5D700A428D6 /* BackgroundChange */,
				AA70F015276CB5D800A428D6 /* BackgroundChangeTests */,
				AA70F01F276CB5D800A428D6 /* BackgroundChangeUITests */,
				AA70EFFD276CB5D700A428D6 /* Products */,
			);
			sourceTree = "<group>";
		};
		AA70EFFD276CB5D700A428D6 /* Products */ = {
			isa = PBXGroup;
			children = (
				AA70EFFC276CB5D700A428D6 /* BackgroundChange.app */,
				AA70F012276CB5D800A428D6 /* BackgroundChangeTests.xctest */,
				AA70F01C276CB5D800A428D6 /* BackgroundChangeUITests.xctest */,
			);
			name = Products;
			sourceTree = "<group>";
		};
		AA70EFFE276CB5D700A428D6 /* BackgroundChange */ = {
			isa = PBXGroup;
			children = (
				AA70EFFF276CB5D700A428D6 /* AppDelegate.swift */,
				AA70F001276CB5D700A428D6 /* SceneDelegate.swift */,
				AA70F003276CB5D700A428D6 /* ViewController.swift */,
				AA70F005276CB5D700A428D6 /* Main.storyboard */,
				AA70F008276CB5D800A428D6 /* Assets.xcassets */,
				AA70F00A276CB5D800A428D6 /* LaunchScreen.storyboard */,
				AA70F00D276CB5D800A428D6 /* Info.plist */,
			);
			path = BackgroundChange;
			sourceTree = "<group>";
		};
		AA70F015276CB5D800A428D6 /* BackgroundChangeTests */ = {
			isa = PBXGroup;
			children = (
				AA70F016276CB5D800A428D6 /* BackgroundChangeTests.swift */,
			);
			path = BackgroundChangeTests;
			sourceTree = "<group>";
		};
		AA70F01F276CB5D800A428D6 /* BackgroundChangeUITests */ = {
			isa = PBXGroup;
			children = (
				AA70F020276CB5D800A428D6 /* BackgroundChangeUITests.swift */,
				AA70F022276CB5D800A428D6 /* BackgroundChangeUITestsLaunchTests.swift */,
			);
			path = BackgroundChangeUITests;
			sourceTree = "<group>";
		};
/* End PBXGroup section */

/* Begin PBXNativeTarget section */
		AA70EFFB276CB5D700A428D6 /* BackgroundChange */ = {
			isa = PBXNativeTarget;
			buildConfigurationList = AA70F026276CB5D800A428D6 /* Build configuration list for PBXNativeTarget "BackgroundChange" */;
			buildPhases = (
				AA70EFF8276CB5D700A428D6 /* Sources */,
				AA70EFF9276CB5D700A428D6 /* Frameworks */,
				AA70EFFA276CB5D700A428D6 /* Resources */,
			);
			buildRules = (
			);
			dependencies = (
			);
			name = BackgroundChange;
			productName = BackgroundChange;
			productReference = AA70EFFC276CB5D700A428D6 /* BackgroundChange.app */;
			productType = "com.apple.product-type.application";
		};
		AA70F011276CB5D800A428D6 /* BackgroundChangeTests */ = {
			isa = PBXNativeTarget;
			buildConfigurationList = AA70F029276CB5D800A428D6 /* Build configuration list for PBXNativeTarget "BackgroundChangeTests" */;
			buildPhases = (
				AA70F00E276CB5D800A428D6 /* Sources */,
				AA70F00F276CB5D800A428D6 /* Frameworks */,
				AA70F010276CB5D800A428D6 /* Resources */,
			);
			buildRules = (
			);
			dependencies = (
				AA70F014276CB5D800A428D6 /* PBXTargetDependency */,
			);
			name = BackgroundChangeTests;
			productName = BackgroundChangeTests;
			productReference = AA70F012276CB5D800A428D6 /* BackgroundChangeTests.xctest */;
			productType = "com.apple.product-type.bundle.unit-test";
		};
		AA70F01B276CB5D800A428D6 /* BackgroundChangeUITests */ = {
			isa = PBXNativeTarget;
			buildConfigurationList = AA70F02C276CB5D800A428D6 /* Build configuration list for PBXNativeTarget "BackgroundChangeUITests" */;
			buildPhases = (
				AA70F018276CB5D800A428D6 /* Sources */,
				AA70F019276CB5D800A428D6 /* Frameworks */,
				AA70F01A276CB5D800A428D6 /* Resources */,
			);
			buildRules = (
			);
			dependencies = (
				AA70F01E276CB5D800A428D6 /* PBXTargetDependency */,
			);
			name = BackgroundChangeUITests;
			productName = BackgroundChangeUITests;
			productReference = AA70F01C276CB5D800A428D6 /* BackgroundChangeUITests.xctest */;
			productType = "com.apple.product-type.bundle.ui-testing";
		};
/* End PBXNativeTarget section */

/* Begin PBXProject section */
		AA70EFF4276CB5D700A428D6 /* Project object */ = {
			isa = PBXProject;
			attributes = {
				BuildIndependentTargetsInParallel = 1;
				LastSwiftUpdateCheck = 1310;
				LastUpgradeCheck = 1310;
				TargetAttributes = {
					AA70EFFB276CB5D700A428D6 = {
						CreatedOnToolsVersion = 13.1;
					};
					AA70F011276CB5D800A428D6 = {
						CreatedOnToolsVersion = 13.1;
						TestTargetID = AA70EFFB276CB5D700A428D6;
					};
					AA70F01B276CB5D800A428D6 = {
						CreatedOnToolsVersion = 13.1;
						TestTargetID = AA70EFFB276CB5D700A428D6;
					};
				};
			};
			buildConfigurationList = AA70EFF7276CB5D700A428D6 /* Build configuration list for PBXProject "BackgroundChange" */;
			compatibilityVersion = "Xcode 13.0";
			developmentRegion = en;
			hasScannedForEncodings = 0;
			knownRegions = (
				en,
				Base,
			);
			mainGroup = AA70EFF3276CB5D700A428D6;
			productRefGroup = AA70EFFD276CB5D700A428D6 /* Products */;
			projectDirPath = "";
			projectRoot = "";
			targets = (
				AA70EFFB276CB5D700A428D6 /* BackgroundChange */,
				AA70F011276CB5D800A428D6 /* BackgroundChangeTests */,
				AA70F01B276CB5D800A428D6 /* BackgroundChangeUITests */,
			);
		};
/* End PBXProject section */

/* Begin PBXResourcesBuildPhase section */
		AA70EFFA276CB5D700A428D6 /* Resources */ = {
			isa = PBXResourcesBuildPhase;
			buildActionMask = 2147483647;
			files = (
				AA70F00C276CB5D800A428D6 /* LaunchScreen.storyboard in Resources */,
				AA70F009276CB5D800A428D6 /* Assets.xcassets in Resources */,
				AA70F007276CB5D700A428D6 /* Main.storyboard in Resources */,
			);
			runOnlyForDeploymentPostprocessing = 0;
		};
		AA70F010276CB5D800A428D6 /* Resources */ = {
			isa = PBXResourcesBuildPhase;
			buildActionMask = 2147483647;
			files = (
			);
			runOnlyForDeploymentPostprocessing = 0;
		};
		AA70F01A276CB5D800A428D6 /* Resources */ = {
			isa = PBXResourcesBuildPhase;
			buildActionMask = 2147483647;
			files = (
			);
			runOnlyForDeploymentPostprocessing = 0;
		};
/* End PBXResourcesBuildPhase section */

/* Begin PBXSourcesBuildPhase section */
		AA70EFF8276CB5D700A428D6 /* Sources */ = {
			isa = PBXSourcesBuildPhase;
			buildActionMask = 2147483647;
			files = (
				AA70F004276CB5D700A428D6 /* ViewController.swift in Sources */,
				AA70F000276CB5D700A428D6 /* AppDelegate.swift in Sources */,
				AA70F002276CB5D700A428D6 /* SceneDelegate.swift in Sources */,
			);
			runOnlyForDeploymentPostprocessing = 0;
		};
		AA70F00E276CB5D800A428D6 /* Sources */ = {
			isa = PBXSourcesBuildPhase;
			buildActionMask = 2147483647;
			files = (
				AA70F017276CB5D800A428D6 /* BackgroundChangeTests.swift in Sources */,
			);
			runOnlyForDeploymentPostprocessing = 0;
		};
		AA70F018276CB5D800A428D6 /* Sources */ = {
			isa = PBXSourcesBuildPhase;
			buildActionMask = 2147483647;
			files = (
				AA70F023276CB5D800A428D6 /* BackgroundChangeUITestsLaunchTests.swift in Sources */,
				AA70F021276CB5D800A428D6 /* BackgroundChangeUITests.swift in Sources */,
			);
			runOnlyForDeploymentPostprocessing = 0;
		};
/* End PBXSourcesBuildPhase section */

/* Begin PBXTargetDependency section */
		AA70F014276CB5D800A428D6 /* PBXTargetDependency */ = {
			isa = PBXTargetDependency;
			target = AA70EFFB276CB5D700A428D6 /* BackgroundChange */;
			targetProxy = AA70F013276CB5D800A428D6 /* PBXContainerItemProxy */;
		};
		AA70F01E276CB5D800A428D6 /* PBXTargetDependency */ = {
			isa = PBXTargetDependency;
			target = AA70EFFB276CB5D700A428D6 /* BackgroundChange */;
			targetProxy = AA70F01D276CB5D800A428D6 /* PBXContainerItemProxy */;
		};
/* End PBXTargetDependency section */

/* Begin PBXVariantGroup section */
		AA70F005276CB5D700A428D6 /* Main.storyboard */ = {
			isa = PBXVariantGroup;
			children = (
				AA70F006276CB5D700A428D6 /* Base */,
			);
			name = Main.storyboard;
			sourceTree = "<group>";
		};
		AA70F00A276CB5D800A428D6 /* LaunchScreen.storyboard */ = {
			isa = PBXVariantGroup;
			children = (
				AA70F00B276CB5D800A428D6 /* Base */,
			);
			name = LaunchScreen.storyboard;
			sourceTree = "<group>";
		};
/* End PBXVariantGroup section */

/* Begin XCBuildConfiguration section */
		AA70F024276CB5D800A428D6 /* Debug */ = {
			isa = XCBuildConfiguration;
			buildSettings = {
				ALWAYS_SEARCH_USER_PATHS = NO;
				CLANG_ANALYZER_NONNULL = YES;
				CLANG_ANALYZER_NUMBER_OBJECT_CONVERSION = YES_AGGRESSIVE;
				CLANG_CXX_LANGUAGE_STANDARD = "gnu++17";
				CLANG_CXX_LIBRARY = "libc++";
				CLANG_ENABLE_MODULES = YES;
				CLANG_ENABLE_OBJC_ARC = YES;
				CLANG_ENABLE_OBJC_WEAK = YES;
				CLANG_WARN_BLOCK_CAPTURE_AUTORELEASING = YES;
				CLANG_WARN_BOOL_CONVERSION = YES;
				CLANG_WARN_COMMA = YES;
				CLANG_WARN_CONSTANT_CONVERSION = YES;
				CLANG_WARN_DEPRECATED_OBJC_IMPLEMENTATIONS = YES;
				CLANG_WARN_DIRECT_OBJC_ISA_USAGE = YES_ERROR;
				CLANG_WARN_DOCUMENTATION_COMMENTS = YES;
				CLANG_WARN_EMPTY_BODY = YES;
				CLANG_WARN_ENUM_CONVERSION = YES;
				CLANG_WARN_INFINITE_RECURSION = YES;
				CLANG_WARN_INT_CONVERSION = YES;
				CLANG_WARN_NON_LITERAL_NULL_CONVERSION = YES;
				CLANG_WARN_OBJC_IMPLICIT_RETAIN_SELF = YES;
				CLANG_WARN_OBJC_LITERAL_CONVERSION = YES;
				CLANG_WARN_OBJC_ROOT_CLASS = YES_ERROR;
				CLANG_WARN_QUOTED_INCLUDE_IN_FRAMEWORK_HEADER = YES;
				CLANG_WARN_RANGE_LOOP_ANALYSIS = YES;
				CLANG_WARN_STRICT_PROTOTYPES = YES;
				CLANG_WARN_SUSPICIOUS_MOVE = YES;
				CLANG_WARN_UNGUARDED_AVAILABILITY = YES_AGGRESSIVE;
				CLANG_WARN_UNREACHABLE_CODE = YES;
				CLANG_WARN__DUPLICATE_METHOD_MATCH = YES;
				COPY_PHASE_STRIP = NO;
				DEBUG_INFORMATION_FORMAT = dwarf;
				ENABLE_STRICT_OBJC_MSGSEND = YES;
				ENABLE_TESTABILITY = YES;
				GCC_C_LANGUAGE_STANDARD = gnu11;
				GCC_DYNAMIC_NO_PIC = NO;
				GCC_NO_COMMON_BLOCKS = YES;
				GCC_OPTIMIZATION_LEVEL = 0;
				GCC_PREPROCESSOR_DEFINITIONS = (
					"DEBUG=1",
					"$(inherited)",
				);
				GCC_WARN_64_TO_32_BIT_CONVERSION = YES;
				GCC_WARN_ABOUT_RETURN_TYPE = YES_ERROR;
				GCC_WARN_UNDECLARED_SELECTOR = YES;
				GCC_WARN_UNINITIALIZED_AUTOS = YES_AGGRESSIVE;
				GCC_WARN_UNUSED_FUNCTION = YES;
				GCC_WARN_UNUSED_VARIABLE = YES;
				IPHONEOS_DEPLOYMENT_TARGET = 15.0;
				MTL_ENABLE_DEBUG_INFO = INCLUDE_SOURCE;
				MTL_FAST_MATH = YES;
				ONLY_ACTIVE_ARCH = YES;
				SDKROOT = iphoneos;
				SWIFT_ACTIVE_COMPILATION_CONDITIONS = DEBUG;
				SWIFT_OPTIMIZATION_LEVEL = "-Onone";
			};
			name = Debug;
		};
		AA70F025276CB5D800A428D6 /* Release */ = {
			isa = XCBuildConfiguration;
			buildSettings = {
				ALWAYS_SEARCH_USER_PATHS = NO;
				CLANG_ANALYZER_NONNULL = YES;
				CLANG_ANALYZER_NUMBER_OBJECT_CONVERSION = YES_AGGRESSIVE;
				CLANG_CXX_LANGUAGE_STANDARD = "gnu++17";
				CLANG_CXX_LIBRARY = "libc++";
				CLANG_ENABLE_MODULES = YES;
				CLANG_ENABLE_OBJC_ARC = YES;
				CLANG_ENABLE_OBJC_WEAK = YES;
				CLANG_WARN_BLOCK_CAPTURE_AUTORELEASING = YES;
				CLANG_WARN_BOOL_CONVERSION = YES;
				CLANG_WARN_COMMA = YES;
				CLANG_WARN_CONSTANT_CONVERSION = YES;
				CLANG_WARN_DEPRECATED_OBJC_IMPLEMENTATIONS = YES;
				CLANG_WARN_DIRECT_OBJC_ISA_USAGE = YES_ERROR;
				CLANG_WARN_DOCUMENTATION_COMMENTS = YES;
				CLANG_WARN_EMPTY_BODY = YES;
				CLANG_WARN_ENUM_CONVERSION = YES;
				CLANG_WARN_INFINITE_RECURSION = YES;
				CLANG_WARN_INT_CONVERSION = YES;
				CLANG_WARN_NON_LITERAL_NULL_CONVERSION = YES;
				CLANG_WARN_OBJC_IMPLICIT_RETAIN_SELF = YES;
				CLANG_WARN_OBJC_LITERAL_CONVERSION = YES;
				CLANG_WARN_OBJC_ROOT_CLASS = YES_ERROR;
				CLANG_WARN_QUOTED_INCLUDE_IN_FRAMEWORK_HEADER = YES;
				CLANG_WARN_RANGE_LOOP_ANALYSIS = YES;
				CLANG_WARN_STRICT_PROTOTYPES = YES;
				CLANG_WARN_SUSPICIOUS_MOVE = YES;
				CLANG_WARN_UNGUARDED_AVAILABILITY = YES_AGGRESSIVE;
				CLANG_WARN_UNREACHABLE_CODE = YES;
				CLANG_WARN__DUPLICATE_METHOD_MATCH = YES;
				COPY_PHASE_STRIP = NO;
				DEBUG_INFORMATION_FORMAT = "dwarf-with-dsym";
				ENABLE_NS_ASSERTIONS = NO;
				ENABLE_STRICT_OBJC_MSGSEND = YES;
				GCC_C_LANGUAGE_STANDARD = gnu11;
				GCC_NO_COMMON_BLOCKS = YES;
				GCC_WARN_64_TO_32_BIT_CONVERSION = YES;
				GCC_WARN_ABOUT_RETURN_TYPE = YES_ERROR;
				GCC_WARN_UNDECLARED_SELECTOR = YES;
				GCC_WARN_UNINITIALIZED_AUTOS = YES_AGGRESSIVE;
				GCC_WARN_UNUSED_FUNCTION = YES;
				GCC_WARN_UNUSED_VARIABLE = YES;
				IPHONEOS_DEPLOYMENT_TARGET = 15.0;
				MTL_ENABLE_DEBUG_INFO = NO;
				MTL_FAST_MATH = YES;
				SDKROOT = iphoneos;
				SWIFT_COMPILATION_MODE = wholemodule;
				SWIFT_OPTIMIZATION_LEVEL = "-O";
				VALIDATE_PRODUCT = YES;
			};
			name = Release;
		};
		AA70F027276CB5D800A428D6 /* Debug */ = {
			isa = XCBuildConfiguration;
			buildSettings = {
				ASSETCATALOG_COMPILER_APPICON_NAME = AppIcon;
				ASSETCATALOG_COMPILER_GLOBAL_ACCENT_COLOR_NAME = AccentColor;
				CODE_SIGN_STYLE = Automatic;
				CURRENT_PROJECT_VERSION = 1;
				GENERATE_INFOPLIST_FILE = YES;
				INFOPLIST_FILE = BackgroundChange/Info.plist;
				INFOPLIST_KEY_UIApplicationSupportsIndirectInputEvents = YES;
				INFOPLIST_KEY_UILaunchStoryboardName = LaunchScreen;
				INFOPLIST_KEY_UIMainStoryboardFile = Main;
				INFOPLIST_KEY_UISupportedInterfaceOrientations_iPad = "UIInterfaceOrientationPortrait UIInterfaceOrientationPortraitUpsideDown UIInterfaceOrientationLandscapeLeft UIInterfaceOrientationLandscapeRight";
				INFOPLIST_KEY_UISupportedInterfaceOrientations_iPhone = "UIInterfaceOrientationPortrait UIInterfaceOrientationLandscapeLeft UIInterfaceOrientationLandscapeRight";
				LD_RUNPATH_SEARCH_PATHS = (
					"$(inherited)",
					"@executable_path/Frameworks",
				);
				MARKETING_VERSION = 1.0;
				PRODUCT_BUNDLE_IDENTIFIER = forddev777.BackgroundChange;
				PRODUCT_NAME = "$(TARGET_NAME)";
				SWIFT_EMIT_LOC_STRINGS = YES;
				SWIFT_VERSION = 5.0;
				TARGETED_DEVICE_FAMILY = "1,2";
			};
			name = Debug;
		};
		AA70F028276CB5D800A428D6 /* Release */ = {
			isa = XCBuildConfiguration;
			buildSettings = {
				ASSETCATALOG_COMPILER_APPICON_NAME = AppIcon;
				ASSETCATALOG_COMPILER_GLOBAL_ACCENT_COLOR_NAME = AccentColor;
				CODE_SIGN_STYLE = Automatic;
				CURRENT_PROJECT_VERSION = 1;
				GENERATE_INFOPLIST_FILE = YES;
				INFOPLIST_FILE = BackgroundChange/Info.plist;
				INFOPLIST_KEY_UIApplicationSupportsIndirectInputEvents = YES;
				INFOPLIST_KEY_UILaunchStoryboardName = LaunchScreen;
				INFOPLIST_KEY_UIMainStoryboardFile = Main;
				INFOPLIST_KEY_UISupportedInterfaceOrientations_iPad = "UIInterfaceOrientationPortrait UIInterfaceOrientationPortraitUpsideDown UIInterfaceOrientationLandscapeLeft UIInterfaceOrientationLandscapeRight";
				INFOPLIST_KEY_UISupportedInterfaceOrientations_iPhone = "UIInterfaceOrientationPortrait UIInterfaceOrientationLandscapeLeft UIInterfaceOrientationLandscapeRight";
				LD_RUNPATH_SEARCH_PATHS = (
					"$(inherited)",
					"@executable_path/Frameworks",
				);
				MARKETING_VERSION = 1.0;
				PRODUCT_BUNDLE_IDENTIFIER = forddev777.BackgroundChange;
				PRODUCT_NAME = "$(TARGET_NAME)";
				SWIFT_EMIT_LOC_STRINGS = YES;
				SWIFT_VERSION = 5.0;
				TARGETED_DEVICE_FAMILY = "1,2";
			};
			name = Release;
		};
		AA70F02A276CB5D800A428D6 /* Debug */ = {
			isa = XCBuildConfiguration;
			buildSettings = {
				ALWAYS_EMBED_SWIFT_STANDARD_LIBRARIES = YES;
				BUNDLE_LOADER = "$(TEST_HOST)";
				CODE_SIGN_STYLE = Automatic;
				CURRENT_PROJECT_VERSION = 1;
				GENERATE_INFOPLIST_FILE = YES;
				IPHONEOS_DEPLOYMENT_TARGET = 15.0;
				LD_RUNPATH_SEARCH_PATHS = (
					"$(inherited)",
					"@executable_path/Frameworks",
					"@loader_path/Frameworks",
				);
				MARKETING_VERSION = 1.0;
				PRODUCT_BUNDLE_IDENTIFIER = forddev777.BackgroundChangeTests;
				PRODUCT_NAME = "$(TARGET_NAME)";
				SWIFT_EMIT_LOC_STRINGS = NO;
				SWIFT_VERSION = 5.0;
				TARGETED_DEVICE_FAMILY = "1,2";
				TEST_HOST = "$(BUILT_PRODUCTS_DIR)/BackgroundChange.app/BackgroundChange";
			};
			name = Debug;
		};
		AA70F02B276CB5D800A428D6 /* Release */ = {
			isa = XCBuildConfiguration;
			buildSettings = {
				ALWAYS_EMBED_SWIFT_STANDARD_LIBRARIES = YES;
				BUNDLE_LOADER = "$(TEST_HOST)";
				CODE_SIGN_STYLE = Automatic;
				CURRENT_PROJECT_VERSION = 1;
				GENERATE_INFOPLIST_FILE = YES;
				IPHONEOS_DEPLOYMENT_TARGET = 15.0;
				LD_RUNPATH_SEARCH_PATHS = (
					"$(inherited)",
					"@executable_path/Frameworks",
					"@loader_path/Frameworks",
				);
				MARKETING_VERSION = 1.0;
				PRODUCT_BUNDLE_IDENTIFIER = forddev777.BackgroundChangeTests;
				PRODUCT_NAME = "$(TARGET_NAME)";
				SWIFT_EMIT_LOC_STRINGS = NO;
				SWIFT_VERSION = 5.0;
				TARGETED_DEVICE_FAMILY = "1,2";
				TEST_HOST = "$(BUILT_PRODUCTS_DIR)/BackgroundChange.app/BackgroundChange";
			};
			name = Release;
		};
		AA70F02D276CB5D800A428D6 /* Debug */ = {
			isa = XCBuildConfiguration;
			buildSettings = {
				ALWAYS_EMBED_SWIFT_STANDARD_LIBRARIES = YES;
				CODE_SIGN_STYLE = Automatic;
				CURRENT_PROJECT_VERSION = 1;
				GENERATE_INFOPLIST_FILE = YES;
				LD_RUNPATH_SEARCH_PATHS = (
					"$(inherited)",
					"@executable_path/Frameworks",
					"@loader_path/Frameworks",
				);
				MARKETING_VERSION = 1.0;
				PRODUCT_BUNDLE_IDENTIFIER = forddev777.BackgroundChangeUITests;
				PRODUCT_NAME = "$(TARGET_NAME)";
				SWIFT_EMIT_LOC_STRINGS = NO;
				SWIFT_VERSION = 5.0;
				TARGETED_DEVICE_FAMILY = "1,2";
				TEST_TARGET_NAME = BackgroundChange;
			};
			name = Debug;
		};
		AA70F02E276CB5D800A428D6 /* Release */ = {
			isa = XCBuildConfiguration;
			buildSettings = {
				ALWAYS_EMBED_SWIFT_STANDARD_LIBRARIES = YES;
				CODE_SIGN_STYLE = Automatic;
				CURRENT_PROJECT_VERSION = 1;
				GENERATE_INFOPLIST_FILE = YES;
				LD_RUNPATH_SEARCH_PATHS = (
					"$(inherited)",
					"@executable_path/Frameworks",
					"@loader_path/Frameworks",
				);
				MARKETING_VERSION = 1.0;
				PRODUCT_BUNDLE_IDENTIFIER = forddev777.BackgroundChangeUITests;
				PRODUCT_NAME = "$(TARGET_NAME)";
				SWIFT_EMIT_LOC_STRINGS = NO;
				SWIFT_VERSION = 5.0;
				TARGETED_DEVICE_FAMILY = "1,2";
				TEST_TARGET_NAME = BackgroundChange;
			};
			name = Release;
		};
/* End XCBuildConfiguration section */

/* Begin XCConfigurationList section */
		AA70EFF7276CB5D700A428D6 /* Build configuration list for PBXProject "BackgroundChange" */ = {
			isa = XCConfigurationList;
			buildConfigurations = (
				AA70F024276CB5D800A428D6 /* Debug */,
				AA70F025276CB5D800A428D6 /* Release */,
			);
			defaultConfigurationIsVisible = 0;
			defaultConfigurationName = Release;
		};
		AA70F026276CB5D800A428D6 /* Build configuration list for PBXNativeTarget "BackgroundChange" */ = {
			isa = XCConfigurationList;
			buildConfigurations = (
				AA70F027276CB5D800A428D6 /* Debug */,
				AA70F028276CB5D800A428D6 /* Release */,
			);
			defaultConfigurationIsVisible = 0;
			defaultConfigurationName = Release;
		};
		AA70F029276CB5D800A428D6 /* Build configuration list for PBXNativeTarget "BackgroundChangeTests" */ = {
			isa = XCConfigurationList;
			buildConfigurations = (
				AA70F02A276CB5D800A428D6 /* Debug */,
				AA70F02B276CB5D800A428D6 /* Release */,
			);
			defaultConfigurationIsVisible = 0;
			defaultConfigurationName = Release;
		};
		AA70F02C276CB5D800A428D6 /* Build configuration list for PBXNativeTarget "BackgroundChangeUITests" */ = {
			isa = XCConfigurationList;
			buildConfigurations = (
				AA70F02D276CB5D800A428D6 /* Debug */,
				AA70F02E276CB5D800A428D6 /* Release */,
			);
			defaultConfigurationIsVisible = 0;
			defaultConfigurationName = Release;
		};
/* End XCConfigurationList section */
	};
	rootObject = AA70EFF4276CB5D700A428D6 /* Project object */;
}
